# THIS IS AN AUTOGENERATED FILE. DO NOT EDIT THIS FILE DIRECTLY.
# yarn lockfile v1


"@types/mithril@^1.1.12":
  version "1.1.12"
  resolved "https://registry.yarnpkg.com/@types/mithril/-/mithril-1.1.12.tgz#8ef6f569eb91af4252bddc82ae007503f7f440d4"

"@types/ramda@^0.25.18":
  version "0.25.18"
  resolved "https://registry.yarnpkg.com/@types/ramda/-/ramda-0.25.18.tgz#a026777d780226a08a50a50a353ce901490f0b92"

"@types/seamless-immutable@^7.1.1":
  version "7.1.1"
  resolved "https://registry.yarnpkg.com/@types/seamless-immutable/-/seamless-immutable-7.1.1.tgz#44e91ea708a9b16565f8fab2f2d108bb99c41aea"

mithril@^1.1.6:
  version "1.1.6"
  resolved "https://registry.yarnpkg.com/mithril/-/mithril-1.1.6.tgz#bd2cc0de3d3c86076a6a7a30367a601a1bd108f3"

ramda@^0.25.0:
  version "0.25.0"
  resolved "https://registry.yarnpkg.com/ramda/-/ramda-0.25.0.tgz#8fdf68231cffa90bc2f9460390a0cb74a29b29a9"

seamless-immutable@^7.1.3:
  version "7.1.3"
  resolved "https://registry.yarnpkg.com/seamless-immutable/-/seamless-immutable-7.1.3.tgz#d32a8a202a331dffa69e4069a367a2159252490e"

typescript@^2.7.2:
  version "2.7.2"
  resolved "https://registry.yarnpkg.com/typescript/-/typescript-2.7.2.tgz#2d615a1ef4aee4f574425cdff7026edf81919836"
